# THIS IS AN AUTOGENERATED FILE. DO NOT EDIT THIS FILE DIRECTLY.
# yarn lockfile v1


vuex@^3.6.2:
  version "3.6.2"
  resolved "https://registry.nlark.com/vuex/download/vuex-3.6.2.tgz?cache=0&sync_timestamp=1623945253165&other_urls=https%3A%2F%2Fregistry.nlark.com%2Fvuex%2Fdownload%2Fvuex-3.6.2.tgz#236bc086a870c3ae79946f107f16de59d5895e71"
  integrity sha1-I2vAhqhww655lG8QfxbeWdWJXnE=
